
Microsoft Visual Studio Solution File, Format Version 12.00
# Visual Studio 15
VisualStudioVersion = 15.0.27130.2010
MinimumVisualStudioVersion = 10.0.40219.1
Project("{8BC9CEB8-8B4A-11D0-8D11-00A0C91BC942}") = "SourceAutoRecord", "src\SourceAutoRecord\SourceAutoRecord.vcxproj", "{3F6459A9-566E-4CAC-A412-C03FF51D67E9}"
EndProject
Project("{2150E333-8FDC-42A3-9474-1A3956D46DE8}") = "Solution Items", "Solution Items", "{4990948C-3306-40BA-9EAD-594A5520043F}"
	ProjectSection(SolutionItems) = preProject
		.gitattributes = .gitattributes
		.gitignore = .gitignore
		build.sh = build.sh
		load.sh = load.sh
		README.md = README.md
	EndProjectSection
EndProject
Project("{FAE04EC0-301F-11D3-BF4B-00C04F79EFBC}") = "Injector", "src\Injector\Injector.csproj", "{B79C9CF3-FCFB-4F9D-A284-631D9D40600C}"
EndProject
Project("{2150E333-8FDC-42A3-9474-1A3956D46DE8}") = "docs", "docs", "{2234E52A-D21C-4984-B830-0D1EBC6842C5}"
	ProjectSection(SolutionItems) = preProject
		docs\cp1.png = docs\cp1.png
		docs\cpstart.png = docs\cpstart.png
		docs\start.png = docs\start.png
	EndProjectSection
EndProject
Global
	GlobalSection(SolutionConfigurationPlatforms) = preSolution
		Debug|Any CPU = Debug|Any CPU
		Debug|x64 = Debug|x64
		Debug|x86 = Debug|x86
		Release|Any CPU = Release|Any CPU
		Release|x64 = Release|x64
		Release|x86 = Release|x86
	EndGlobalSection
	GlobalSection(ProjectConfigurationPlatforms) = postSolution
		{3F6459A9-566E-4CAC-A412-C03FF51D67E9}.Debug|Any CPU.ActiveCfg = Debug|Win32
		{3F6459A9-566E-4CAC-A412-C03FF51D67E9}.Debug|x64.ActiveCfg = Debug|x64
		{3F6459A9-566E-4CAC-A412-C03FF51D67E9}.Debug|x64.Build.0 = Debug|x64
		{3F6459A9-566E-4CAC-A412-C03FF51D67E9}.Debug|x86.ActiveCfg = Release|Win32
		{3F6459A9-566E-4CAC-A412-C03FF51D67E9}.Debug|x86.Build.0 = Release|Win32
		{3F6459A9-566E-4CAC-A412-C03FF51D67E9}.Release|Any CPU.ActiveCfg = Release|Win32
		{3F6459A9-566E-4CAC-A412-C03FF51D67E9}.Release|x64.ActiveCfg = Release|x64
		{3F6459A9-566E-4CAC-A412-C03FF51D67E9}.Release|x64.Build.0 = Release|x64
		{3F6459A9-566E-4CAC-A412-C03FF51D67E9}.Release|x86.ActiveCfg = Release|Win32
		{3F6459A9-566E-4CAC-A412-C03FF51D67E9}.Release|x86.Build.0 = Release|Win32
		{B79C9CF3-FCFB-4F9D-A284-631D9D40600C}.Debug|Any CPU.ActiveCfg = Debug|Any CPU
		{B79C9CF3-FCFB-4F9D-A284-631D9D40600C}.Debug|Any CPU.Build.0 = Debug|Any CPU
		{B79C9CF3-FCFB-4F9D-A284-631D9D40600C}.Debug|x64.ActiveCfg = Debug|Any CPU
		{B79C9CF3-FCFB-4F9D-A284-631D9D40600C}.Debug|x64.Build.0 = Debug|Any CPU
		{B79C9CF3-FCFB-4F9D-A284-631D9D40600C}.Debug|x86.ActiveCfg = Debug|Any CPU
		{B79C9CF3-FCFB-4F9D-A284-631D9D40600C}.Debug|x86.Build.0 = Debug|Any CPU
		{B79C9CF3-FCFB-4F9D-A284-631D9D40600C}.Release|Any CPU.ActiveCfg = Release|Any CPU
		{B79C9CF3-FCFB-4F9D-A284-631D9D40600C}.Release|Any CPU.Build.0 = Release|Any CPU
		{B79C9CF3-FCFB-4F9D-A284-631D9D40600C}.Release|x64.ActiveCfg = Release|Any CPU
		{B79C9CF3-FCFB-4F9D-A284-631D9D40600C}.Release|x64.Build.0 = Release|Any CPU
		{B79C9CF3-FCFB-4F9D-A284-631D9D40600C}.Release|x86.ActiveCfg = Release|Any CPU
		{B79C9CF3-FCFB-4F9D-A284-631D9D40600C}.Release|x86.Build.0 = Release|Any CPU
	EndGlobalSection
	GlobalSection(SolutionProperties) = preSolution
		HideSolutionNode = FALSE
	EndGlobalSection
	GlobalSection(NestedProjects) = preSolution
		{2234E52A-D21C-4984-B830-0D1EBC6842C5} = {4990948C-3306-40BA-9EAD-594A5520043F}
	EndGlobalSection
	GlobalSection(ExtensibilityGlobals) = postSolution
		SolutionGuid = {FE1A6506-7258-47FF-839A-FF441AAA310C}
	EndGlobalSection
EndGlobal
