<?xml version="1.0" encoding="utf-8"?>
<Project ToolsVersion="4.0" xmlns="http://schemas.microsoft.com/developer/msbuild/2003">
  <ItemGroup>
    <ClCompile Include="..\lib\minhook\buffer.c">
      <Filter>lib\minhook</Filter>
    </ClCompile>
    <ClCompile Include="..\lib\minhook\trampoline.c">
      <Filter>lib\minhook</Filter>
    </ClCompile>
    <ClCompile Include="..\lib\minhook\hook.c">
      <Filter>lib\minhook</Filter>
    </ClCompile>
    <ClCompile Include="..\lib\minhook\hde\hde64.c">
      <Filter>lib\minhook</Filter>
    </ClCompile>
    <ClCompile Include="..\lib\minhook\hde\hde32.c">
      <Filter>lib\minhook</Filter>
    </ClCompile>
    <ClCompile Include="Features\Hud\Hud.cpp">
      <Filter>SourceAutoRecord\Features\Hud</Filter>
    </ClCompile>
    <ClCompile Include="Features\Hud\Hud.cpp">
      <Filter>SourceAutoRecord\Features\Hud</Filter>
    </ClCompile>
    <ClCompile Include="Games\Windows\ApertureTag.cpp">
      <Filter>SourceAutoRecord\Games\Windows</Filter>
    </ClCompile>
    <ClCompile Include="Games\Windows\Portal2.cpp">
      <Filter>SourceAutoRecord\Games\Windows</Filter>
    </ClCompile>
    <ClCompile Include="Games\Windows\PortalReloaded.cpp">
      <Filter>SourceAutoRecord\Games\Windows</Filter>
    </ClCompile>
    <ClCompile Include="Games\Windows\PortalStoriesMel.cpp">
      <Filter>SourceAutoRecord\Games\Windows</Filter>
    </ClCompile>
    <ClCompile Include="Games\Windows\ThinkingWithTimeMachine.cpp">
      <Filter>SourceAutoRecord\Games\Windows</Filter>
    </ClCompile>
    <ClCompile Include="Games\Linux\ApertureTag.cpp">
      <Filter>SourceAutoRecord\Games\Linux</Filter>
    </ClCompile>
    <ClCompile Include="Games\Linux\Portal2.cpp">
      <Filter>SourceAutoRecord\Games\Linux</Filter>
    </ClCompile>
    <ClCompile Include="Games\Linux\PortalReloaded.cpp">
      <Filter>SourceAutoRecord\Games\Linux</Filter>
    </ClCompile>
    <ClCompile Include="Games\Linux\PortalStoriesMel.cpp">
      <Filter>SourceAutoRecord\Games\Linux</Filter>
    </ClCompile>
    <ClCompile Include="Games\Linux\ThinkingWithTimeMachine.cpp">
      <Filter>SourceAutoRecord\Games\Linux</Filter>
    </ClCompile>
    <ClCompile Include="Features\Speedrun\SpeedrunTimer.cpp">
      <Filter>SourceAutoRecord\Features\Speedrun</Filter>
    </ClCompile>
    <ClCompile Include="Features\Speedrun\Rules.cpp">
      <Filter>SourceAutoRecord\Features\Speedrun</Filter>
    </ClCompile>
    <ClCompile Include="Features\Speedrun\Categories.cpp">
      <Filter>SourceAutoRecord\Features\Speedrun</Filter>
    </ClCompile>
    <ClCompile Include="Features\Speedrun\CategoriesPreset.cpp">
      <Filter>SourceAutoRecord\Features\Speedrun</Filter>
    </ClCompile>
    <ClCompile Include="Features\Speedrun\CategoryCreator.cpp">
      <Filter>SourceAutoRecord\Features\Speedrun</Filter>
    </ClCompile>
    <ClCompile Include="Features\Demo\Demo.cpp">
      <Filter>SourceAutoRecord\Features\Demo</Filter>
    </ClCompile>
    <ClCompile Include="Features\Demo\DemoParser.cpp">
      <Filter>SourceAutoRecord\Features\Demo</Filter>
    </ClCompile>
    <ClCompile Include="Features\Routing\EntityInspector.cpp">
      <Filter>SourceAutoRecord\Features\Routing</Filter>
    </ClCompile>
    <ClCompile Include="Features\Routing\Tracer.cpp">
      <Filter>SourceAutoRecord\Features\Routing</Filter>
    </ClCompile>
    <ClCompile Include="Utils\SDK.cpp">
      <Filter>SourceAutoRecord\Utils</Filter>
    </ClCompile>
    <ClCompile Include="Modules\Client.cpp">
      <Filter>SourceAutoRecord\Modules</Filter>
    </ClCompile>
    <ClCompile Include="Modules\Console.cpp">
      <Filter>SourceAutoRecord\Modules</Filter>
    </ClCompile>
    <ClCompile Include="Modules\Engine.cpp">
      <Filter>SourceAutoRecord\Modules</Filter>
    </ClCompile>
    <ClCompile Include="Modules\EngineDemoPlayer.cpp">
      <Filter>SourceAutoRecord\Modules</Filter>
    </ClCompile>
    <ClCompile Include="Modules\EngineDemoRecorder.cpp">
      <Filter>SourceAutoRecord\Modules</Filter>
    </ClCompile>
    <ClCompile Include="Modules\InputSystem.cpp">
      <Filter>SourceAutoRecord\Modules</Filter>
    </ClCompile>
    <ClCompile Include="Modules\Module.cpp">
      <Filter>SourceAutoRecord\Modules</Filter>
    </ClCompile>
    <ClCompile Include="Modules\Scheme.cpp">
      <Filter>SourceAutoRecord\Modules</Filter>
    </ClCompile>
    <ClCompile Include="Modules\Server.cpp">
      <Filter>SourceAutoRecord\Modules</Filter>
    </ClCompile>
    <ClCompile Include="Modules\Surface.cpp">
      <Filter>SourceAutoRecord\Modules</Filter>
    </ClCompile>
    <ClCompile Include="Modules\Tier1.cpp">
      <Filter>SourceAutoRecord\Modules</Filter>
    </ClCompile>
    <ClCompile Include="Modules\VGui.cpp">
      <Filter>SourceAutoRecord\Modules</Filter>
    </ClCompile>
    <ClCompile Include="Features\Stats\JumpStats.cpp">
      <Filter>SourceAutoRecord\Features\Stats</Filter>
    </ClCompile>
    <ClCompile Include="Features\Stats\Stats.cpp">
      <Filter>SourceAutoRecord\Features\Stats</Filter>
    </ClCompile>
    <ClCompile Include="Features\Stats\StepStats.cpp">
      <Filter>SourceAutoRecord\Features\Stats</Filter>
    </ClCompile>
    <ClCompile Include="Features\Stats\VelocityStats.cpp">
      <Filter>SourceAutoRecord\Features\Stats</Filter>
    </ClCompile>
    <ClCompile Include="Features\Hud\InspectionHud.cpp">
      <Filter>SourceAutoRecord\Features\Hud</Filter>
    </ClCompile>
    <ClCompile Include="Features\Hud\InputHud.cpp">
      <Filter>SourceAutoRecord\Features\Hud</Filter>
    </ClCompile>
    <ClCompile Include="Features\Hud\SpeedrunHud.cpp">
      <Filter>SourceAutoRecord\Features\Hud</Filter>
    </ClCompile>
    <ClCompile Include="Features\Timer\Timer.cpp">
      <Filter>SourceAutoRecord\Features\Timer</Filter>
    </ClCompile>
    <ClCompile Include="Features\Timer\TimerAverage.cpp">
      <Filter>SourceAutoRecord\Features\Timer</Filter>
    </ClCompile>
    <ClCompile Include="Features\Timer\TimerCheckPoints.cpp">
      <Filter>SourceAutoRecord\Features\Timer</Filter>
    </ClCompile>
    <ClCompile Include="Features\TimescaleDetect.cpp">
      <Filter>SourceAutoRecord\Features</Filter>
    </ClCompile>
    <ClCompile Include="Features\ClassDumper.cpp">
      <Filter>SourceAutoRecord\Features</Filter>
    </ClCompile>
    <ClCompile Include="Features\Cvars.cpp">
      <Filter>SourceAutoRecord\Features</Filter>
    </ClCompile>
    <ClCompile Include="Features\Feature.cpp">
      <Filter>SourceAutoRecord\Features</Filter>
    </ClCompile>
    <ClCompile Include="Features\Listener.cpp">
      <Filter>SourceAutoRecord\Features</Filter>
    </ClCompile>
    <ClCompile Include="Features\PlayerTrace.cpp">
      <Filter>SourceAutoRecord\Features</Filter>
    </ClCompile>
    <ClCompile Include="Features\Session.cpp">
      <Filter>SourceAutoRecord\Features</Filter>
    </ClCompile>
    <ClCompile Include="Features\StepCounter.cpp">
      <Filter>SourceAutoRecord\Features</Filter>
    </ClCompile>
    <ClCompile Include="Features\Stitcher.cpp">
      <Filter>SourceAutoRecord\Features</Filter>
    </ClCompile>
    <ClCompile Include="Features\Summary.cpp">
      <Filter>SourceAutoRecord\Features</Filter>
    </ClCompile>
    <ClCompile Include="Features\Updater.cpp">
      <Filter>SourceAutoRecord\Features</Filter>
    </ClCompile>
    <ClCompile Include="Features\Teleporter.cpp">
      <Filter>SourceAutoRecord\Features</Filter>
    </ClCompile>
    <ClCompile Include="Features\WorkshopList.cpp">
      <Filter>SourceAutoRecord\Features</Filter>
    </ClCompile>
    <ClCompile Include="Features\NetMessage.cpp">
      <Filter>SourceAutoRecord\Features</Filter>
    </ClCompile>
    <ClCompile Include="Cheats.cpp">
      <Filter>SourceAutoRecord</Filter>
    </ClCompile>
    <ClCompile Include="CrashHandler.cpp">
      <Filter>SourceAutoRecord</Filter>
    </ClCompile>
    <ClCompile Include="Checksum.cpp">
      <Filter>SourceAutoRecord</Filter>
    </ClCompile>
    <ClCompile Include="Command.cpp">
      <Filter>SourceAutoRecord</Filter>
    </ClCompile>
    <ClCompile Include="Event.cpp">
      <Filter>SourceAutoRecord</Filter>
    </ClCompile>
    <ClCompile Include="Game.cpp">
      <Filter>SourceAutoRecord</Filter>
    </ClCompile>
    <ClCompile Include="Interface.cpp">
      <Filter>SourceAutoRecord</Filter>
    </ClCompile>
    <ClCompile Include="Offsets.cpp">
      <Filter>SourceAutoRecord</Filter>
    </ClCompile>
    <ClCompile Include="Plugin.cpp">
      <Filter>SourceAutoRecord</Filter>
    </ClCompile>
    <ClCompile Include="SAR.cpp">
      <Filter>SourceAutoRecord</Filter>
    </ClCompile>
    <ClCompile Include="SARHook.cpp">
      <Filter>SourceAutoRecord</Filter>
    </ClCompile>
    <ClCompile Include="Variable.cpp">
      <Filter>SourceAutoRecord</Filter>
    </ClCompile>
    <ClCompile Include="Utils\Memory.cpp">
      <Filter>SourceAutoRecord\Utils</Filter>
    </ClCompile>
    <ClCompile Include="Features\EntityList.cpp">
      <Filter>SourceAutoRecord\Features</Filter>
    </ClCompile>
    <ClCompile Include="Features\Imitator.cpp">
      <Filter>SourceAutoRecord\Features</Filter>
    </ClCompile>
    <ClCompile Include="Features\OffsetFinder.cpp">
      <Filter>SourceAutoRecord\Features</Filter>
    </ClCompile>
    <ClCompile Include="Features\ReplaySystem\Replay.cpp">
      <Filter>SourceAutoRecord\Features\ReplaySystem</Filter>
    </ClCompile>
    <ClCompile Include="Features\ReplaySystem\ReplayPlayer.cpp">
      <Filter>SourceAutoRecord\Features\ReplaySystem</Filter>
    </ClCompile>
    <ClCompile Include="Features\ReplaySystem\ReplayProvider.cpp">
      <Filter>SourceAutoRecord\Features\ReplaySystem</Filter>
    </ClCompile>
    <ClCompile Include="Features\ReplaySystem\ReplayRecorder.cpp">
      <Filter>SourceAutoRecord\Features\ReplaySystem</Filter>
    </ClCompile>
    <ClCompile Include="Features\ReplaySystem\ReplayView.cpp">
      <Filter>SourceAutoRecord\Features\ReplaySystem</Filter>
    </ClCompile>
    <ClCompile Include="Features\Renderer.cpp">
      <Filter>SourceAutoRecord\Features</Filter>
    </ClCompile>
    <ClCompile Include="Utils.cpp">
      <Filter>SourceAutoRecord</Filter>
    </ClCompile>
    <ClCompile Include="Features\Timer\PauseTimer.cpp">
      <Filter>SourceAutoRecord\Features\Timer</Filter>
    </ClCompile>
    <ClCompile Include="Utils\Math.cpp">
      <Filter>SourceAutoRecord\Utils</Filter>
    </ClCompile>
    <ClCompile Include="Features\DataMapDumper.cpp">
      <Filter>SourceAutoRecord\Features</Filter>
    </ClCompile>
    <ClCompile Include="Features\FovChanger.cpp">
      <Filter>SourceAutoRecord\Features</Filter>
    </ClCompile>
    <ClCompile Include="Features\Camera.cpp">
      <Filter>SourceAutoRecord\Features</Filter>
    </ClCompile>
    <ClCompile Include="Features\ConfigPlus.cpp">
      <Filter>SourceAutoRecord\Features</Filter>
    </ClCompile>
    <ClCompile Include="Features\Stats\StatsCounter.cpp">
      <Filter>SourceAutoRecord\Features\Stats</Filter>
    </ClCompile>
    <ClCompile Include="Features\Hud\Crosshair.cpp">
      <Filter>SourceAutoRecord\Features\Hud</Filter>
    </ClCompile>
    <ClCompile Include="Utils\json11.cpp">
      <Filter>SourceAutoRecord\Utils</Filter>
    </ClCompile>
    <ClCompile Include="Utils\lodepng.cpp">
      <Filter>SourceAutoRecord\Utils</Filter>
    </ClCompile>
    <ClCompile Include="Features\Demo\GhostEntity.cpp">
      <Filter>SourceAutoRecord\Features\Demo</Filter>
    </ClCompile>
    <ClCompile Include="Features\Demo\NetworkGhostPlayer.cpp">
      <Filter>SourceAutoRecord\Features\Demo</Filter>
    </ClCompile>
    <ClCompile Include="Features\Demo\DemoGhostPlayer.cpp">
      <Filter>SourceAutoRecord\Features\Demo</Filter>
    </ClCompile>
    <ClCompile Include="Features\Demo\DemoGhostEntity.cpp">
      <Filter>SourceAutoRecord\Features\Demo</Filter>
    </ClCompile>
    <ClCompile Include="Features\Stats\Sync.cpp">
      <Filter>SourceAutoRecord\Features\Stats</Filter>
    </ClCompile>
    <ClCompile Include="Features\Hud\StrafeSyncHud.cpp">
      <Filter>SourceAutoRecord\Features\Hud</Filter>
    </ClCompile>
    <ClCompile Include="Features\Hud\StrafeQuality.cpp">
      <Filter>SourceAutoRecord\Features\Hud</Filter>
    </ClCompile>
    <ClCompile Include="Features\Hud\ScrollSpeed.cpp">
      <Filter>SourceAutoRecord\Features\Hud</Filter>
    </ClCompile>
    <ClCompile Include="Features\Hud\VphysHud.cpp">
      <Filter>SourceAutoRecord\Features\Hud</Filter>
    </ClCompile>
    <ClCompile Include="Features\Hud\PortalgunHud.cpp">
      <Filter>SourceAutoRecord\Features\Hud</Filter>
    </ClCompile>
    <ClCompile Include="Features\Hud\LPHud.cpp">
      <Filter>SourceAutoRecord\Features\Hud</Filter>
    </ClCompile>
    <ClCompile Include="Features\Hud\Toasts.cpp">
      <Filter>SourceAutoRecord\Features\Hud</Filter>
    </ClCompile>
    <ClCompile Include="Features\Hud\Minimap.cpp">
      <Filter>SourceAutoRecord\Features\Hud</Filter>
    </ClCompile>
    <ClCompile Include="Features\Hud\AimPointHud.cpp">
      <Filter>SourceAutoRecord\Features\Hud</Filter>
    </ClCompile>
    <ClCompile Include="Features\Hud\Watermark.cpp">
      <Filter>SourceAutoRecord\Features\Hud</Filter>
    </ClCompile>
    <ClCompile Include="Features\SegmentedTools.cpp">
      <Filter>SourceAutoRecord\Features</Filter>
    </ClCompile>
    <ClCompile Include="Features\Routing\SeamshotFind.cpp">
      <Filter>SourceAutoRecord\Features\Routing</Filter>
    </ClCompile>
    <ClCompile Include="Modules\MaterialSystem.cpp">
      <Filter>SourceAutoRecord\Modules</Filter>
    </ClCompile>
    <ClCompile Include="Features\GroundFramesCounter.cpp">
      <Filter>SourceAutoRecord\Features</Filter>
    </ClCompile>
    <ClCompile Include="Features\Tas\TasController.cpp">
      <Filter>SourceAutoRecord\Features\Tas</Filter>
    </ClCompile>
    <ClCompile Include="Features\Tas\TasPlayer.cpp">
      <Filter>SourceAutoRecord\Features\Tas</Filter>
    </ClCompile>
    <ClCompile Include="Features\Tas\TasTool.cpp">
      <Filter>SourceAutoRecord\Features\Tas</Filter>
    </ClCompile>
    <ClCompile Include="Features\Tas\TasTools\AutoJumpTool.cpp">
      <Filter>SourceAutoRecord\Features\Tas\TasTools</Filter>
    </ClCompile>
    <ClCompile Include="Features\Tas\TasTools\StrafeTool.cpp">
      <Filter>SourceAutoRecord\Features\Tas\TasTools</Filter>
    </ClCompile>
    <ClCompile Include="Features\Tas\TasParser.cpp">
      <Filter>SourceAutoRecord\Features\Tas</Filter>
    </ClCompile>
    <ClCompile Include="Features\Tas\TasTools\AbsoluteMoveTool.cpp">
      <Filter>SourceAutoRecord\Features\Tas\TasTools</Filter>
    </ClCompile>
    <ClCompile Include="Features\Tas\TasTools\TasUtils.cpp">
      <Filter>SourceAutoRecord\Features\Tas\TasTools</Filter>
    </ClCompile>
    <ClCompile Include="Features\Camera.cpp">
      <Filter>SourceAutoRecord\Features</Filter>
    </ClCompile>
    <ClCompile Include="Features\Stats\StatsCounter.cpp">
      <Filter>SourceAutoRecord\Features\Stats</Filter>
    </ClCompile>
    <ClCompile Include="Features\Hud\Crosshair.cpp">
      <Filter>SourceAutoRecord\Features\Hud</Filter>
    </ClCompile>
    <ClCompile Include="Utils\lodepng.cpp">
      <Filter>SourceAutoRecord\Utils</Filter>
    </ClCompile>
    <ClCompile Include="Features\Demo\GhostEntity.cpp">
      <Filter>SourceAutoRecord\Features\Demo</Filter>
    </ClCompile>
    <ClCompile Include="Features\Demo\NetworkGhostPlayer.cpp">
      <Filter>SourceAutoRecord\Features\Demo</Filter>
    </ClCompile>
    <ClCompile Include="Features\Demo\DemoGhostPlayer.cpp">
      <Filter>SourceAutoRecord\Features\Demo</Filter>
    </ClCompile>
    <ClCompile Include="Features\Demo\DemoGhostEntity.cpp">
      <Filter>SourceAutoRecord\Features\Demo</Filter>
    </ClCompile>
    <ClCompile Include="Features\Stats\Sync.cpp">
      <Filter>SourceAutoRecord\Features\Stats</Filter>
    </ClCompile>
    <ClCompile Include="Features\Hud\StrafeSyncHud.cpp">
      <Filter>SourceAutoRecord\Features\Hud</Filter>
    </ClCompile>
    <ClCompile Include="Features\Hud\VphysHud.cpp">
      <Filter>SourceAutoRecord\Features\Hud</Filter>
    </ClCompile>
    <ClCompile Include="Features\SegmentedTools.cpp">
      <Filter>SourceAutoRecord\Features</Filter>
    </ClCompile>
    <ClCompile Include="Features\Routing\SeamshotFind.cpp">
      <Filter>SourceAutoRecord\Features\Routing</Filter>
    </ClCompile>
    <ClCompile Include="Modules\MaterialSystem.cpp">
      <Filter>SourceAutoRecord\Modules</Filter>
    </ClCompile>
    <ClCompile Include="Features\GroundFramesCounter.cpp">
      <Filter>SourceAutoRecord\Features</Filter>
    </ClCompile>
    <ClCompile Include="Features\Tas\TasTools\AutoAimTool.cpp">
      <Filter>SourceAutoRecord\Features\Tas\TasTools</Filter>
    </ClCompile>
    <ClCompile Include="Features\Tas\TasTools\SetAngleTool.cpp">
      <Filter>SourceAutoRecord\Features\Tas\TasTools</Filter>
    </ClCompile>
    <ClCompile Include="Features\ReloadedFix.cpp">
      <Filter>SourceAutoRecord\Features</Filter>
    </ClCompile>
    <ClCompile Include="Features\Hud\VelocityGraph.cpp">
      <Filter>SourceAutoRecord\Features\Hud</Filter>
    </ClCompile>
    <ClCompile Include="Features\Tas\TasTools\DecelTool.cpp">
      <Filter>SourceAutoRecord\Features\Tas\TasTools</Filter>
    </ClCompile>
  </ItemGroup>
  <ItemGroup>
    <ClInclude Include="..\lib\minhook\buffer.h">
      <Filter>lib\minhook</Filter>
    </ClInclude>
    <ClInclude Include="..\lib\minhook\trampoline.h">
      <Filter>lib\minhook</Filter>
    </ClInclude>
    <ClInclude Include="..\lib\minhook\hde\pstdint.h">
      <Filter>lib\minhook</Filter>
    </ClInclude>
    <ClInclude Include="..\lib\minhook\hde\table32.h">
      <Filter>lib\minhook</Filter>
    </ClInclude>
    <ClInclude Include="..\lib\minhook\hde\table64.h">
      <Filter>lib\minhook</Filter>
    </ClInclude>
    <ClInclude Include="..\lib\minhook\hde\hde64.h">
      <Filter>lib\minhook</Filter>
    </ClInclude>
    <ClInclude Include="..\lib\minhook\hde\hde32.h">
      <Filter>lib\minhook</Filter>
    </ClInclude>
    <ClInclude Include="..\lib\minhook\MinHook.h">
      <Filter>lib\minhook</Filter>
    </ClInclude>
    <ClInclude Include="Utils\Math.hpp">
      <Filter>SourceAutoRecord\Utils</Filter>
    </ClInclude>
    <ClInclude Include="Utils\SDK.hpp">
      <Filter>SourceAutoRecord\Utils</Filter>
    </ClInclude>
    <ClInclude Include="Games\Windows\ApertureTag.hpp">
      <Filter>SourceAutoRecord\Games\Windows</Filter>
    </ClInclude>
    <ClInclude Include="Games\Windows\Portal2.hpp">
      <Filter>SourceAutoRecord\Games\Windows</Filter>
    </ClInclude>
    <ClInclude Include="Games\Windows\PortalReloaded.hpp">
      <Filter>SourceAutoRecord\Games\Windows</Filter>
    </ClInclude>
    <ClInclude Include="Games\Windows\PortalStoriesMel.hpp">
      <Filter>SourceAutoRecord\Games\Windows</Filter>
    </ClInclude>
    <ClInclude Include="Games\Windows\ThinkingWithTimeMachine.hpp">
      <Filter>SourceAutoRecord\Games\Windows</Filter>
    </ClInclude>
    <ClInclude Include="Games\Linux\ApertureTag.hpp">
      <Filter>SourceAutoRecord\Games\Linux</Filter>
    </ClInclude>
    <ClInclude Include="Games\Linux\Portal2.hpp">
      <Filter>SourceAutoRecord\Games\Linux</Filter>
    </ClInclude>
    <ClInclude Include="Games\Linux\PortalReloaded.hpp">
      <Filter>SourceAutoRecord\Games\Linux</Filter>
    </ClInclude>
    <ClInclude Include="Games\Linux\PortalStoriesMel.hpp">
      <Filter>SourceAutoRecord\Games\Linux</Filter>
    </ClInclude>
    <ClInclude Include="Games\Linux\ThinkingWithTimeMachine.hpp">
      <Filter>SourceAutoRecord\Games\Linux</Filter>
    </ClInclude>
    <ClInclude Include="Utils\Memory.hpp">
      <Filter>SourceAutoRecord\Utils</Filter>
    </ClInclude>
    <ClInclude Include="Features\Hud\InspectionHud.hpp">
      <Filter>SourceAutoRecord\Features\Hud</Filter>
    </ClInclude>
    <ClInclude Include="Features\Hud\InputHud.hpp">
      <Filter>SourceAutoRecord\Features\Hud</Filter>
    </ClInclude>
    <ClInclude Include="Features\Hud\SpeedrunHud.hpp">
      <Filter>SourceAutoRecord\Features\Hud</Filter>
    </ClInclude>
    <ClInclude Include="Features\Hud\Hud.hpp">
      <Filter>SourceAutoRecord\Features\Hud</Filter>
    </ClInclude>
    <ClInclude Include="Utils\Platform.hpp">
      <Filter>SourceAutoRecord\Utils</Filter>
    </ClInclude>
    <ClInclude Include="Features\Speedrun\SpeedrunTimer.hpp">
      <Filter>SourceAutoRecord\Features\Speedrun</Filter>
    </ClInclude>
    <ClInclude Include="Features\Speedrun\Rules.hpp">
      <Filter>SourceAutoRecord\Features\Speedrun</Filter>
    </ClInclude>
    <ClInclude Include="Features\Speedrun\Categories.hpp">
      <Filter>SourceAutoRecord\Features\Speedrun</Filter>
    </ClInclude>
    <ClInclude Include="Features\Speedrun\CategoriesPreset.hpp">
      <Filter>SourceAutoRecord\Features\Speedrun</Filter>
    </ClInclude>
    <ClInclude Include="Features\Demo\Demo.hpp">
      <Filter>SourceAutoRecord\Features\Demo</Filter>
    </ClInclude>
    <ClInclude Include="Features\Demo\DemoParser.hpp">
      <Filter>SourceAutoRecord\Features\Demo</Filter>
    </ClInclude>
    <ClInclude Include="Modules\Client.hpp">
      <Filter>SourceAutoRecord\Modules</Filter>
    </ClInclude>
    <ClInclude Include="Modules\Console.hpp">
      <Filter>SourceAutoRecord\Modules</Filter>
    </ClInclude>
    <ClInclude Include="Modules\Engine.hpp">
      <Filter>SourceAutoRecord\Modules</Filter>
    </ClInclude>
    <ClInclude Include="Modules\EngineDemoPlayer.hpp">
      <Filter>SourceAutoRecord\Modules</Filter>
    </ClInclude>
    <ClInclude Include="Modules\EngineDemoRecorder.hpp">
      <Filter>SourceAutoRecord\Modules</Filter>
    </ClInclude>
    <ClInclude Include="Modules\InputSystem.hpp">
      <Filter>SourceAutoRecord\Modules</Filter>
    </ClInclude>
    <ClInclude Include="Modules\Module.hpp">
      <Filter>SourceAutoRecord\Modules</Filter>
    </ClInclude>
    <ClInclude Include="Modules\Scheme.hpp">
      <Filter>SourceAutoRecord\Modules</Filter>
    </ClInclude>
    <ClInclude Include="Modules\Server.hpp">
      <Filter>SourceAutoRecord\Modules</Filter>
    </ClInclude>
    <ClInclude Include="Modules\Surface.hpp">
      <Filter>SourceAutoRecord\Modules</Filter>
    </ClInclude>
    <ClInclude Include="Modules\Tier1.hpp">
      <Filter>SourceAutoRecord\Modules</Filter>
    </ClInclude>
    <ClInclude Include="Modules\VGui.hpp">
      <Filter>SourceAutoRecord\Modules</Filter>
    </ClInclude>
    <ClInclude Include="Features\Stats\JumpStats.hpp">
      <Filter>SourceAutoRecord\Features\Stats</Filter>
    </ClInclude>
    <ClInclude Include="Features\Stats\Stats.hpp">
      <Filter>SourceAutoRecord\Features\Stats</Filter>
    </ClInclude>
    <ClInclude Include="Features\Stats\StatsResultType.hpp">
      <Filter>SourceAutoRecord\Features\Stats</Filter>
    </ClInclude>
    <ClInclude Include="Features\Stats\StepStats.hpp">
      <Filter>SourceAutoRecord\Features\Stats</Filter>
    </ClInclude>
    <ClInclude Include="Features\Stats\VelocityStats.hpp">
      <Filter>SourceAutoRecord\Features\Stats</Filter>
    </ClInclude>
    <ClInclude Include="Features\Routing\EntityInspector.hpp">
      <Filter>SourceAutoRecord\Features\Routing</Filter>
    </ClInclude>
    <ClInclude Include="Features\Routing\Tracer.hpp">
      <Filter>SourceAutoRecord\Features\Routing</Filter>
    </ClInclude>
    <ClInclude Include="Features\Timer\Timer.hpp">
      <Filter>SourceAutoRecord\Features\Timer</Filter>
    </ClInclude>
    <ClInclude Include="Features\Timer\TimerAverage.hpp">
      <Filter>SourceAutoRecord\Features\Timer</Filter>
    </ClInclude>
    <ClInclude Include="Features\Timer\TimerCheckPoints.hpp">
      <Filter>SourceAutoRecord\Features\Timer</Filter>
    </ClInclude>
    <ClInclude Include="Features\TimescaleDetect.hpp">
      <Filter>SourceAutoRecord\Features</Filter>
    </ClInclude>
    <ClInclude Include="Features\ClassDumper.hpp">
      <Filter>SourceAutoRecord\Features</Filter>
    </ClInclude>
    <ClInclude Include="Features\Cvars.hpp">
      <Filter>SourceAutoRecord\Features</Filter>
    </ClInclude>
    <ClInclude Include="Features\Feature.hpp">
      <Filter>SourceAutoRecord\Features</Filter>
    </ClInclude>
    <ClInclude Include="Features\Listener.hpp">
      <Filter>SourceAutoRecord\Features</Filter>
    </ClInclude>
    <ClInclude Include="Features\Session.hpp">
      <Filter>SourceAutoRecord\Features</Filter>
    </ClInclude>
    <ClInclude Include="Features\StepCounter.hpp">
      <Filter>SourceAutoRecord\Features</Filter>
    </ClInclude>
    <ClInclude Include="Features\Stitcher.hpp">
      <Filter>SourceAutoRecord\Features</Filter>
    </ClInclude>
    <ClInclude Include="Features\Summary.hpp">
      <Filter>SourceAutoRecord\Features</Filter>
    </ClInclude>
    <ClInclude Include="Features\Updater.hpp">
      <Filter>SourceAutoRecord\Features</Filter>
    </ClInclude>
    <ClInclude Include="Features\Teleporter.hpp">
      <Filter>SourceAutoRecord\Features</Filter>
    </ClInclude>
    <ClInclude Include="Features\WorkshopList.hpp">
      <Filter>SourceAutoRecord\Features</Filter>
    </ClInclude>
    <ClInclude Include="Features\NetMessage.hpp">
      <Filter>SourceAutoRecord\Features</Filter>
    </ClInclude>
    <ClInclude Include="Cheats.hpp">
      <Filter>SourceAutoRecord</Filter>
    </ClInclude>
    <ClInclude Include="CrashHandler.hpp">
      <Filter>SourceAutoRecord</Filter>
    </ClInclude>
    <ClInclude Include="Checksum.hpp">
      <Filter>SourceAutoRecord</Filter>
    </ClInclude>
    <ClInclude Include="Command.hpp">
      <Filter>SourceAutoRecord</Filter>
    </ClInclude>
    <ClInclude Include="Event.hpp">
      <Filter>SourceAutoRecord</Filter>
    </ClInclude>
    <ClInclude Include="Game.hpp">
      <Filter>SourceAutoRecord</Filter>
    </ClInclude>
    <ClInclude Include="Interface.hpp">
      <Filter>SourceAutoRecord</Filter>
    </ClInclude>
    <ClInclude Include="Offsets.hpp">
      <Filter>SourceAutoRecord</Filter>
    </ClInclude>
    <ClInclude Include="Plugin.hpp">
      <Filter>SourceAutoRecord</Filter>
    </ClInclude>
    <ClInclude Include="SAR.hpp">
      <Filter>SourceAutoRecord</Filter>
    </ClInclude>
    <ClInclude Include="Utils.hpp">
      <Filter>SourceAutoRecord</Filter>
    </ClInclude>
    <ClInclude Include="Variable.hpp">
      <Filter>SourceAutoRecord</Filter>
    </ClInclude>
    <ClInclude Include="Features\EntityList.hpp">
      <Filter>SourceAutoRecord\Features</Filter>
    </ClInclude>
    <ClInclude Include="Features\Imitator.hpp">
      <Filter>SourceAutoRecord\Features</Filter>
    </ClInclude>
    <ClInclude Include="Features\OffsetFinder.hpp">
      <Filter>SourceAutoRecord\Features</Filter>
    </ClInclude>
    <ClInclude Include="Features\ReplaySystem\ReplayView.hpp">
      <Filter>SourceAutoRecord\Features\ReplaySystem</Filter>
    </ClInclude>
    <ClInclude Include="Features\Renderer.hpp">
      <Filter>SourceAutoRecord\Features</Filter>
    </ClInclude>
    <ClInclude Include="Features\ReplaySystem\Replay.hpp">
      <Filter>SourceAutoRecord\Features\ReplaySystem</Filter>
    </ClInclude>
    <ClInclude Include="Features\ReplaySystem\ReplayFrame.hpp">
      <Filter>SourceAutoRecord\Features\ReplaySystem</Filter>
    </ClInclude>
    <ClInclude Include="Features\ReplaySystem\ReplayPlayer.hpp">
      <Filter>SourceAutoRecord\Features\ReplaySystem</Filter>
    </ClInclude>
    <ClInclude Include="Features\ReplaySystem\ReplayProvider.hpp">
      <Filter>SourceAutoRecord\Features\ReplaySystem</Filter>
    </ClInclude>
    <ClInclude Include="Features\ReplaySystem\ReplayRecorder.hpp">
      <Filter>SourceAutoRecord\Features\ReplaySystem</Filter>
    </ClInclude>
    <ClInclude Include="Games\Linux\ApertureTag.hpp">
      <Filter>SourceAutoRecord\Games\Linux</Filter>
    </ClInclude>
    <ClInclude Include="Games\Linux\PortalStoriesMel.hpp">
      <Filter>SourceAutoRecord\Games\Linux</Filter>
    </ClInclude>
    <ClInclude Include="Games\Windows\ApertureTag.hpp">
      <Filter>SourceAutoRecord\Games\Windows</Filter>
    </ClInclude>
    <ClInclude Include="Games\Windows\PortalStoriesMel.hpp">
      <Filter>SourceAutoRecord\Games\Windows</Filter>
    </ClInclude>
    <ClInclude Include="Features\Timer\PauseTimer.hpp">
      <Filter>SourceAutoRecord\Features\Timer</Filter>
    </ClInclude>
    <ClInclude Include="Modules.hpp">
      <Filter>SourceAutoRecord</Filter>
    </ClInclude>
    <ClInclude Include="Features.hpp">
      <Filter>SourceAutoRecord</Filter>
    </ClInclude>
    <ClInclude Include="Features\DataMapDumper.hpp">
      <Filter>SourceAutoRecord\Features</Filter>
    </ClInclude>
    <ClInclude Include="Features\FovChanger.hpp">
      <Filter>SourceAutoRecord\Features</Filter>
    </ClInclude>
    <ClInclude Include="Features\Camera.hpp">
      <Filter>SourceAutoRecord\Features</Filter>
    </ClInclude>
    <ClInclude Include="Features\PlayerTrace.hpp">
      <Filter>SourceAutoRecord\Features</Filter>
    </ClInclude>
    <ClInclude Include="Features\Stats\StatsCounter.hpp">
      <Filter>SourceAutoRecord\Features\Stats</Filter>
    </ClInclude>
    <ClInclude Include="Features\Hud\Crosshair.hpp">
      <Filter>SourceAutoRecord\Features\Hud</Filter>
    </ClInclude>
    <ClInclude Include="Utils\json11.hpp">
      <Filter>SourceAutoRecord\Utils</Filter>
    </ClInclude>
    <ClInclude Include="Utils\lodepng.hpp">
      <Filter>SourceAutoRecord\Utils</Filter>
    </ClInclude>
    <ClInclude Include="Features\Demo\GhostEntity.hpp">
      <Filter>SourceAutoRecord\Features\Demo</Filter>
    </ClInclude>
    <ClInclude Include="Features\Demo\NetworkGhostPlayer.hpp">
      <Filter>SourceAutoRecord\Features\Demo</Filter>
    </ClInclude>
    <ClInclude Include="..\lib\SFML\include\SFML\Network\Export.hpp">
      <Filter>lib\SFML\Network</Filter>
    </ClInclude>
    <ClInclude Include="..\lib\SFML\include\SFML\Network\Ftp.hpp">
      <Filter>lib\SFML\Network</Filter>
    </ClInclude>
    <ClInclude Include="..\lib\SFML\include\SFML\Network\Http.hpp">
      <Filter>lib\SFML\Network</Filter>
    </ClInclude>
    <ClInclude Include="..\lib\SFML\include\SFML\Network\IpAddress.hpp">
      <Filter>lib\SFML\Network</Filter>
    </ClInclude>
    <ClInclude Include="..\lib\SFML\include\SFML\Network\Packet.hpp">
      <Filter>lib\SFML\Network</Filter>
    </ClInclude>
    <ClInclude Include="..\lib\SFML\include\SFML\Network\Socket.hpp">
      <Filter>lib\SFML\Network</Filter>
    </ClInclude>
    <ClInclude Include="..\lib\SFML\include\SFML\Network\SocketHandle.hpp">
      <Filter>lib\SFML\Network</Filter>
    </ClInclude>
    <ClInclude Include="..\lib\SFML\include\SFML\Network\SocketSelector.hpp">
      <Filter>lib\SFML\Network</Filter>
    </ClInclude>
    <ClInclude Include="..\lib\SFML\include\SFML\Network\TcpListener.hpp">
      <Filter>lib\SFML\Network</Filter>
    </ClInclude>
    <ClInclude Include="..\lib\SFML\include\SFML\Network\TcpSocket.hpp">
      <Filter>lib\SFML\Network</Filter>
    </ClInclude>
    <ClInclude Include="..\lib\SFML\include\SFML\Network\UdpSocket.hpp">
      <Filter>lib\SFML\Network</Filter>
    </ClInclude>
    <ClInclude Include="..\lib\SFML\include\SFML\System\Clock.hpp">
      <Filter>lib\SFML\System</Filter>
    </ClInclude>
    <ClInclude Include="..\lib\SFML\include\SFML\System\Err.hpp">
      <Filter>lib\SFML\System</Filter>
    </ClInclude>
    <ClInclude Include="..\lib\SFML\include\SFML\System\Export.hpp">
      <Filter>lib\SFML\System</Filter>
    </ClInclude>
    <ClInclude Include="..\lib\SFML\include\SFML\System\FileInputStream.hpp">
      <Filter>lib\SFML\System</Filter>
    </ClInclude>
    <ClInclude Include="..\lib\SFML\include\SFML\System\InputStream.hpp">
      <Filter>lib\SFML\System</Filter>
    </ClInclude>
    <ClInclude Include="..\lib\SFML\include\SFML\System\Lock.hpp">
      <Filter>lib\SFML\System</Filter>
    </ClInclude>
    <ClInclude Include="..\lib\SFML\include\SFML\System\MemoryInputStream.hpp">
      <Filter>lib\SFML\System</Filter>
    </ClInclude>
    <ClInclude Include="..\lib\SFML\include\SFML\System\Mutex.hpp">
      <Filter>lib\SFML\System</Filter>
    </ClInclude>
    <ClInclude Include="..\lib\SFML\include\SFML\System\NativeActivity.hpp">
      <Filter>lib\SFML\System</Filter>
    </ClInclude>
    <ClInclude Include="..\lib\SFML\include\SFML\System\NonCopyable.hpp">
      <Filter>lib\SFML\System</Filter>
    </ClInclude>
    <ClInclude Include="..\lib\SFML\include\SFML\System\Sleep.hpp">
      <Filter>lib\SFML\System</Filter>
    </ClInclude>
    <ClInclude Include="..\lib\SFML\include\SFML\System\String.hpp">
      <Filter>lib\SFML\System</Filter>
    </ClInclude>
    <ClInclude Include="..\lib\SFML\include\SFML\System\Thread.hpp">
      <Filter>lib\SFML\System</Filter>
    </ClInclude>
    <ClInclude Include="..\lib\SFML\include\SFML\System\ThreadLocal.hpp">
      <Filter>lib\SFML\System</Filter>
    </ClInclude>
    <ClInclude Include="..\lib\SFML\include\SFML\System\ThreadLocalPtr.hpp">
      <Filter>lib\SFML\System</Filter>
    </ClInclude>
    <ClInclude Include="..\lib\SFML\include\SFML\System\Time.hpp">
      <Filter>lib\SFML\System</Filter>
    </ClInclude>
    <ClInclude Include="..\lib\SFML\include\SFML\System\Utf.hpp">
      <Filter>lib\SFML\System</Filter>
    </ClInclude>
    <ClInclude Include="..\lib\SFML\include\SFML\System\Vector2.hpp">
      <Filter>lib\SFML\System</Filter>
    </ClInclude>
    <ClInclude Include="..\lib\SFML\include\SFML\System\Vector3.hpp">
      <Filter>lib\SFML\System</Filter>
    </ClInclude>
    <ClInclude Include="..\lib\SFML\include\SFML\Config.hpp">
      <Filter>lib\SFML</Filter>
    </ClInclude>
    <ClInclude Include="..\lib\SFML\include\SFML\GpuPreference.hpp">
      <Filter>lib\SFML</Filter>
    </ClInclude>
    <ClInclude Include="..\lib\SFML\include\SFML\Graphics.hpp">
      <Filter>lib\SFML</Filter>
    </ClInclude>
    <ClInclude Include="..\lib\SFML\include\SFML\Main.hpp">
      <Filter>lib\SFML</Filter>
    </ClInclude>
    <ClInclude Include="..\lib\SFML\include\SFML\Network.hpp">
      <Filter>lib\SFML</Filter>
    </ClInclude>
    <ClInclude Include="..\lib\SFML\include\SFML\System.hpp">
      <Filter>lib\SFML</Filter>
    </ClInclude>
    <ClInclude Include="Features\Demo\DemoGhostPlayer.hpp">
      <Filter>SourceAutoRecord\Features\Demo</Filter>
    </ClInclude>
    <ClInclude Include="Features\Demo\DemoGhostEntity.hpp">
      <Filter>SourceAutoRecord\Features\Demo</Filter>
    </ClInclude>
    <ClInclude Include="Features\Stats\Sync.hpp">
      <Filter>SourceAutoRecord\Features\Stats</Filter>
    </ClInclude>
    <ClInclude Include="Features\Hud\StrafeSyncHud.hpp">
      <Filter>SourceAutoRecord\Features\Hud</Filter>
    </ClInclude>
    <ClInclude Include="Features\Hud\StrafeQuality.hpp">
      <Filter>SourceAutoRecord\Features\Hud</Filter>
    </ClInclude>
    <ClInclude Include="Features\Hud\ScrollSpeed.hpp">
      <Filter>SourceAutoRecord\Features\Hud</Filter>
    </ClInclude>
    <ClInclude Include="Features\SegmentedTools.hpp">
      <Filter>SourceAutoRecord\Features</Filter>
    </ClInclude>
    <ClInclude Include="Features\Hud\VphysHud.hpp">
      <Filter>SourceAutoRecord\Features\Hud</Filter>
    </ClInclude>
    <ClInclude Include="Features\Hud\PortalgunHud.hpp">
      <Filter>SourceAutoRecord\Features\Hud</Filter>
    </ClInclude>
    <ClInclude Include="Features\Hud\LPHud.hpp">
      <Filter>SourceAutoRecord\Features\Hud</Filter>
    </ClInclude>
    <ClInclude Include="Features\Hud\Toasts.hpp">
      <Filter>SourceAutoRecord\Features\Hud</Filter>
    </ClInclude>
    <ClInclude Include="Features\Hud\AimPointHud.hpp">
      <Filter>SourceAutoRecord\Features\Hud</Filter>
    </ClInclude>
    <ClInclude Include="Features\Routing\SeamshotFind.hpp">
      <Filter>SourceAutoRecord\Features\Routing</Filter>
    </ClInclude>
    <ClInclude Include="Modules\MaterialSystem.hpp">
      <Filter>SourceAutoRecord\Modules</Filter>
    </ClInclude>
    <ClInclude Include="Features\GroundFramesCounter.hpp">
      <Filter>SourceAutoRecord\Features</Filter>
    </ClInclude>
    <ClInclude Include="Features\Tas\TasController.hpp">
      <Filter>SourceAutoRecord\Features\Tas</Filter>
    </ClInclude>
    <ClInclude Include="Features\Tas\TasPlayer.hpp">
      <Filter>SourceAutoRecord\Features\Tas</Filter>
    </ClInclude>
    <ClInclude Include="Features\Tas\TasTool.hpp">
      <Filter>SourceAutoRecord\Features\Tas</Filter>
    </ClInclude>
    <ClInclude Include="Features\Tas\TasTools\AutoJumpTool.hpp">
      <Filter>SourceAutoRecord\Features\Tas\TasTools</Filter>
    </ClInclude>
    <ClInclude Include="Features\Tas\TasTools\StrafeTool.hpp">
      <Filter>SourceAutoRecord\Features\Tas\TasTools</Filter>
    </ClInclude>
    <ClInclude Include="Features\Tas\TasParser.hpp">
      <Filter>SourceAutoRecord\Features\Tas</Filter>
    </ClInclude>
    <ClInclude Include="Features\Tas\TasTools\AbsoluteMoveTool.hpp">
      <Filter>SourceAutoRecord\Features\Tas\TasTools</Filter>
    </ClInclude>
    <ClInclude Include="Features\Tas\TasTools\TasUtils.hpp">
      <Filter>SourceAutoRecord\Features\Tas\TasTools</Filter>
    </ClInclude>
    <ClInclude Include="Features\Camera.hpp">
      <Filter>SourceAutoRecord\Features</Filter>
    </ClInclude>
    <ClInclude Include="Features\Stats\StatsCounter.hpp">
      <Filter>SourceAutoRecord\Features\Stats</Filter>
    </ClInclude>
    <ClInclude Include="Features\Hud\Crosshair.hpp">
      <Filter>SourceAutoRecord\Features\Hud</Filter>
    </ClInclude>
    <ClInclude Include="Utils\lodepng.hpp">
      <Filter>SourceAutoRecord\Utils</Filter>
    </ClInclude>
    <ClInclude Include="Features\Demo\GhostEntity.hpp">
      <Filter>SourceAutoRecord\Features\Demo</Filter>
    </ClInclude>
    <ClInclude Include="Features\Demo\NetworkGhostPlayer.hpp">
      <Filter>SourceAutoRecord\Features\Demo</Filter>
    </ClInclude>
    <ClInclude Include="..\lib\SFML\include\SFML\Network\Export.hpp">
      <Filter>lib\SFML\Network</Filter>
    </ClInclude>
    <ClInclude Include="..\lib\SFML\include\SFML\Network\Ftp.hpp">
      <Filter>lib\SFML\Network</Filter>
    </ClInclude>
    <ClInclude Include="..\lib\SFML\include\SFML\Network\Http.hpp">
      <Filter>lib\SFML\Network</Filter>
    </ClInclude>
    <ClInclude Include="..\lib\SFML\include\SFML\Network\IpAddress.hpp">
      <Filter>lib\SFML\Network</Filter>
    </ClInclude>
    <ClInclude Include="..\lib\SFML\include\SFML\Network\Packet.hpp">
      <Filter>lib\SFML\Network</Filter>
    </ClInclude>
    <ClInclude Include="..\lib\SFML\include\SFML\Network\Socket.hpp">
      <Filter>lib\SFML\Network</Filter>
    </ClInclude>
    <ClInclude Include="..\lib\SFML\include\SFML\Network\SocketHandle.hpp">
      <Filter>lib\SFML\Network</Filter>
    </ClInclude>
    <ClInclude Include="..\lib\SFML\include\SFML\Network\SocketSelector.hpp">
      <Filter>lib\SFML\Network</Filter>
    </ClInclude>
    <ClInclude Include="..\lib\SFML\include\SFML\Network\TcpListener.hpp">
      <Filter>lib\SFML\Network</Filter>
    </ClInclude>
    <ClInclude Include="..\lib\SFML\include\SFML\Network\TcpSocket.hpp">
      <Filter>lib\SFML\Network</Filter>
    </ClInclude>
    <ClInclude Include="..\lib\SFML\include\SFML\Network\UdpSocket.hpp">
      <Filter>lib\SFML\Network</Filter>
    </ClInclude>
    <ClInclude Include="..\lib\SFML\include\SFML\System\Clock.hpp">
      <Filter>lib\SFML\System</Filter>
    </ClInclude>
    <ClInclude Include="..\lib\SFML\include\SFML\System\Err.hpp">
      <Filter>lib\SFML\System</Filter>
    </ClInclude>
    <ClInclude Include="..\lib\SFML\include\SFML\System\Export.hpp">
      <Filter>lib\SFML\System</Filter>
    </ClInclude>
    <ClInclude Include="..\lib\SFML\include\SFML\System\FileInputStream.hpp">
      <Filter>lib\SFML\System</Filter>
    </ClInclude>
    <ClInclude Include="..\lib\SFML\include\SFML\System\InputStream.hpp">
      <Filter>lib\SFML\System</Filter>
    </ClInclude>
    <ClInclude Include="..\lib\SFML\include\SFML\System\Lock.hpp">
      <Filter>lib\SFML\System</Filter>
    </ClInclude>
    <ClInclude Include="..\lib\SFML\include\SFML\System\MemoryInputStream.hpp">
      <Filter>lib\SFML\System</Filter>
    </ClInclude>
    <ClInclude Include="..\lib\SFML\include\SFML\System\Mutex.hpp">
      <Filter>lib\SFML\System</Filter>
    </ClInclude>
    <ClInclude Include="..\lib\SFML\include\SFML\System\NativeActivity.hpp">
      <Filter>lib\SFML\System</Filter>
    </ClInclude>
    <ClInclude Include="..\lib\SFML\include\SFML\System\NonCopyable.hpp">
      <Filter>lib\SFML\System</Filter>
    </ClInclude>
    <ClInclude Include="..\lib\SFML\include\SFML\System\Sleep.hpp">
      <Filter>lib\SFML\System</Filter>
    </ClInclude>
    <ClInclude Include="..\lib\SFML\include\SFML\System\String.hpp">
      <Filter>lib\SFML\System</Filter>
    </ClInclude>
    <ClInclude Include="..\lib\SFML\include\SFML\System\Thread.hpp">
      <Filter>lib\SFML\System</Filter>
    </ClInclude>
    <ClInclude Include="..\lib\SFML\include\SFML\System\ThreadLocal.hpp">
      <Filter>lib\SFML\System</Filter>
    </ClInclude>
    <ClInclude Include="..\lib\SFML\include\SFML\System\ThreadLocalPtr.hpp">
      <Filter>lib\SFML\System</Filter>
    </ClInclude>
    <ClInclude Include="..\lib\SFML\include\SFML\System\Time.hpp">
      <Filter>lib\SFML\System</Filter>
    </ClInclude>
    <ClInclude Include="..\lib\SFML\include\SFML\System\Utf.hpp">
      <Filter>lib\SFML\System</Filter>
    </ClInclude>
    <ClInclude Include="..\lib\SFML\include\SFML\System\Vector2.hpp">
      <Filter>lib\SFML\System</Filter>
    </ClInclude>
    <ClInclude Include="..\lib\SFML\include\SFML\System\Vector3.hpp">
      <Filter>lib\SFML\System</Filter>
    </ClInclude>
    <ClInclude Include="..\lib\SFML\include\SFML\Config.hpp">
      <Filter>lib\SFML</Filter>
    </ClInclude>
    <ClInclude Include="..\lib\SFML\include\SFML\GpuPreference.hpp">
      <Filter>lib\SFML</Filter>
    </ClInclude>
    <ClInclude Include="..\lib\SFML\include\SFML\Graphics.hpp">
      <Filter>lib\SFML</Filter>
    </ClInclude>
    <ClInclude Include="..\lib\SFML\include\SFML\Main.hpp">
      <Filter>lib\SFML</Filter>
    </ClInclude>
    <ClInclude Include="..\lib\SFML\include\SFML\Network.hpp">
      <Filter>lib\SFML</Filter>
    </ClInclude>
    <ClInclude Include="..\lib\SFML\include\SFML\System.hpp">
      <Filter>lib\SFML</Filter>
    </ClInclude>
    <ClInclude Include="Features\Demo\DemoGhostPlayer.hpp">
      <Filter>SourceAutoRecord\Features\Demo</Filter>
    </ClInclude>
    <ClInclude Include="Features\Demo\DemoGhostEntity.hpp">
      <Filter>SourceAutoRecord\Features\Demo</Filter>
    </ClInclude>
    <ClInclude Include="Features\Stats\Sync.hpp">
      <Filter>SourceAutoRecord\Features\Stats</Filter>
    </ClInclude>
    <ClInclude Include="Features\Hud\StrafeSyncHud.hpp">
      <Filter>SourceAutoRecord\Features\Hud</Filter>
    </ClInclude>
    <ClInclude Include="Features\SegmentedTools.hpp">
      <Filter>SourceAutoRecord\Features</Filter>
    </ClInclude>
    <ClInclude Include="Features\Hud\VphysHud.hpp">
      <Filter>SourceAutoRecord\Features\Hud</Filter>
    </ClInclude>
    <ClInclude Include="Features\Routing\SeamshotFind.hpp">
      <Filter>SourceAutoRecord\Features\Routing</Filter>
    </ClInclude>
    <ClInclude Include="Modules\MaterialSystem.hpp">
      <Filter>SourceAutoRecord\Modules</Filter>
    </ClInclude>
    <ClInclude Include="Features\GroundFramesCounter.hpp">
      <Filter>SourceAutoRecord\Features</Filter>
    </ClInclude>
    <ClInclude Include="Features\Tas\TasTools\AutoAimTool.hpp">
      <Filter>SourceAutoRecord\Features\Tas\TasTools</Filter>
    </ClInclude>
    <ClInclude Include="Features\Tas\TasTools\SetAngleTool.hpp">
      <Filter>SourceAutoRecord\Features\Tas\TasTools</Filter>
    </ClInclude>
    <ClInclude Include="Features\ReloadedFix.hpp">
      <Filter>SourceAutoRecord\Features</Filter>
    </ClInclude>
    <ClInclude Include="Features\Hud\VelocityGraph.hpp">
      <Filter>SourceAutoRecord\Features\Hud</Filter>
    </ClInclude>
    <ClInclude Include="Features\Tas\TasTools\DecelTool.hpp">
      <Filter>SourceAutoRecord\Features\Tas\TasTools</Filter>
    </ClInclude>
  </ItemGroup>
  <ItemGroup>
    <Filter Include="SourceAutoRecord">
      <UniqueIdentifier>{92afbf75-28dc-4045-af85-34b6c55400b4}</UniqueIdentifier>
    </Filter>
    <Filter Include="SourceAutoRecord\Modules">
      <UniqueIdentifier>{a52ec2cb-8efb-4026-ba66-d9df6c2a5909}</UniqueIdentifier>
    </Filter>
    <Filter Include="SourceAutoRecord\Utils">
      <UniqueIdentifier>{5eb5cd67-ae5d-44f0-aca8-8f66f9aa3753}</UniqueIdentifier>
    </Filter>
    <Filter Include="SourceAutoRecord\Features">
      <UniqueIdentifier>{2cad3606-019d-40fd-b1e0-16eabcd459a2}</UniqueIdentifier>
    </Filter>
    <Filter Include="SourceAutoRecord\Games">
      <UniqueIdentifier>{56b78df4-db1c-44a5-9243-10415ba45a25}</UniqueIdentifier>
    </Filter>
    <Filter Include="lib">
      <UniqueIdentifier>{432c6e31-fbb9-4852-9bfd-74b0cc6d7a57}</UniqueIdentifier>
    </Filter>
    <Filter Include="lib\minhook">
      <UniqueIdentifier>{df38f6d3-7501-4e2a-ba0c-e8de7ad26787}</UniqueIdentifier>
    </Filter>
    <Filter Include="SourceAutoRecord\Games\Windows">
      <UniqueIdentifier>{9e7c58b4-0f87-483c-92ab-77f4d6757512}</UniqueIdentifier>
    </Filter>
    <Filter Include="SourceAutoRecord\Games\Linux">
      <UniqueIdentifier>{5e8e3eca-807e-4e32-bd8d-046f8be99381}</UniqueIdentifier>
    </Filter>
    <Filter Include="SourceAutoRecord\Features\Hud">
      <UniqueIdentifier>{79986844-aff5-4989-abfb-85cb7515858e}</UniqueIdentifier>
    </Filter>
    <Filter Include="SourceAutoRecord\Features\Demo">
      <UniqueIdentifier>{274d8264-59f6-4e07-880f-672c8c26c1f7}</UniqueIdentifier>
    </Filter>
    <Filter Include="SourceAutoRecord\Features\Stats">
      <UniqueIdentifier>{d85b9369-515b-4810-bfce-0bc962742d18}</UniqueIdentifier>
    </Filter>
    <Filter Include="SourceAutoRecord\Features\Speedrun">
      <UniqueIdentifier>{68aa521b-4809-41c1-9070-2b9f95b802bd}</UniqueIdentifier>
    </Filter>
    <Filter Include="SourceAutoRecord\Features\Timer">
      <UniqueIdentifier>{7417ee07-2df2-415e-a102-e7e90830ec16}</UniqueIdentifier>
    </Filter>
    <Filter Include="SourceAutoRecord\Features\Tas">
      <UniqueIdentifier>{d662a603-82c9-4401-9b5e-a46e1a3a71da}</UniqueIdentifier>
    </Filter>
    <Filter Include="SourceAutoRecord\Features\Routing">
      <UniqueIdentifier>{74d18c35-2424-4dab-bb78-11a5aefde796}</UniqueIdentifier>
    </Filter>
    <Filter Include="SourceAutoRecord\Features\ReplaySystem">
      <UniqueIdentifier>{6d5adac2-903e-463f-8055-8677eaca4662}</UniqueIdentifier>
    </Filter>
    <Filter Include="SourceAutoRecord\Features\Tas\TasTools">
      <UniqueIdentifier>{56f0ee93-915f-4619-ba95-b1897f0bc83e}</UniqueIdentifier>
    </Filter>
    <Filter Include="lib\SFML">
      <UniqueIdentifier>{25544dbf-4c2c-4076-9dc4-94be31cd7b11}</UniqueIdentifier>
    </Filter>
    <Filter Include="lib\SFML\Network">
      <UniqueIdentifier>{bc02a0e9-9ff0-4c7f-8eb5-8d0ed2a41c05}</UniqueIdentifier>
    </Filter>
    <Filter Include="lib\SFML\System">
      <UniqueIdentifier>{5c7739c9-9ec9-4029-8c83-4d03dd3f4637}</UniqueIdentifier>
    </Filter>
  </ItemGroup>
  <ItemGroup>
    <Text Include="..\lib\minhook\LICENSE.txt">
      <Filter>lib\minhook</Filter>
    </Text>
  </ItemGroup>
  <ItemGroup>
    <None Include="..\lib\SFML\include\SFML\System\String.inl">
      <Filter>lib\SFML\System</Filter>
    </None>
    <None Include="..\lib\SFML\include\SFML\System\Thread.inl">
      <Filter>lib\SFML\System</Filter>
    </None>
    <None Include="..\lib\SFML\include\SFML\System\ThreadLocalPtr.inl">
      <Filter>lib\SFML\System</Filter>
    </None>
    <None Include="..\lib\SFML\include\SFML\System\Utf.inl">
      <Filter>lib\SFML\System</Filter>
    </None>
    <None Include="..\lib\SFML\include\SFML\System\Vector2.inl">
      <Filter>lib\SFML\System</Filter>
    </None>
    <None Include="..\lib\SFML\include\SFML\System\Vector3.inl">
      <Filter>lib\SFML\System</Filter>
    </None>
  </ItemGroup>
</Project>